{
  "name": "velocitaracing.github.io",
  "version": "1.0.0",
  "lockfileVersion": 1,
  "requires": true,
  "dependencies": {
    "@google-pay/button-element": {
      "version": "2.4.1",
      "resolved": "https://registry.npmjs.org/@google-pay/button-element/-/button-element-2.4.1.tgz",
      "integrity": "sha512-ZQ5VYPR7IQpxer8wHThuGLj+ZKitbfbrhNCHi6xkrvsUdtmEZiwBxzAFlVcZndTXQ+NZqwDfT23g4Gtj9xR4UQ==",
      "requires": {
        "@types/googlepay": "^0.6.1"
      }
    },
    "@types/googlepay": {
      "version": "0.6.1",
      "resolved": "https://registry.npmjs.org/@types/googlepay/-/googlepay-0.6.1.tgz",
      "integrity": "sha512-vx4wwIRIF7h7ajxGVszzlVXAOFYJdb8dPhKFIXRYPRK1+yewSfqLmAZSjkQA3EqIQWCNplohV+bzD9RFklZgpg=="
    }
  }
}
